// !$*UTF8*$!
{
	archiveVersion = 1;
	classes = {
	};
	objectVersion = 46;
	objects = {

/* Begin PBXBuildFile section */
		61D19D83ADB94E713E55643E /* libPods.a in Frameworks */ = {isa = PBXBuildFile; fileRef = C886A20BAE7FFE52AFD3486B /* libPods.a */; };
		8302D6AE1DCC20CF009E70E8 /* main.m in Sources */ = {isa = PBXBuildFile; fileRef = 8302D6AD1DCC20CF009E70E8 /* main.m */; };
		8302D6B11DCC20CF009E70E8 /* AppDelegate.m in Sources */ = {isa = PBXBuildFile; fileRef = 8302D6B01DCC20CF009E70E8 /* AppDelegate.m */; };
		8302D6B41DCC20CF009E70E8 /* ViewController.m in Sources */ = {isa = PBXBuildFile; fileRef = 8302D6B31DCC20CF009E70E8 /* ViewController.m */; };
		8302D6B71DCC20CF009E70E8 /* Main.storyboard in Resources */ = {isa = PBXBuildFile; fileRef = 8302D6B51DCC20CF009E70E8 /* Main.storyboard */; };
		8302D6C71DCC20CF009E70E8 /* Luffy_WeiXinTests.m in Sources */ = {isa = PBXBuildFile; fileRef = 8302D6C61DCC20CF009E70E8 /* Luffy_WeiXinTests.m */; };
		8302D6D21DCC20CF009E70E8 /* Luffy_WeiXinUITests.m in Sources */ = {isa = PBXBuildFile; fileRef = 8302D6D11DCC20CF009E70E8 /* Luffy_WeiXinUITests.m */; };
		833AB52A1DD991A700877EE5 /* IMG_0027.JPG in Resources */ = {isa = PBXBuildFile; fileRef = 833AB5291DD991A700877EE5 /* IMG_0027.JPG */; };
		833AB52E1DD9AD6400877EE5 /* LFYChatTextCell.m in Sources */ = {isa = PBXBuildFile; fileRef = 833AB52D1DD9AD6400877EE5 /* LFYChatTextCell.m */; };
		833AB5311DD9AD7E00877EE5 /* LFYChatImageCell.m in Sources */ = {isa = PBXBuildFile; fileRef = 833AB5301DD9AD7E00877EE5 /* LFYChatImageCell.m */; };
		835522AE1DD5A8E20037A30B /* LFYChatViewController.m in Sources */ = {isa = PBXBuildFile; fileRef = 835522AD1DD5A8E20037A30B /* LFYChatViewController.m */; };
		835522B11DD5AB690037A30B /* LFYMessageModel.m in Sources */ = {isa = PBXBuildFile; fileRef = 835522B01DD5AB690037A30B /* LFYMessageModel.m */; };
		835522B41DD5AC030037A30B /* LFYMessage.m in Sources */ = {isa = PBXBuildFile; fileRef = 835522B31DD5AC030037A30B /* LFYMessage.m */; };
		835522B81DD5AE310037A30B /* LFYChatBaseCell.m in Sources */ = {isa = PBXBuildFile; fileRef = 835522B71DD5AE310037A30B /* LFYChatBaseCell.m */; };
		839D82C51DDEDF06008CEEE3 /* MLEmoji_Expression.bundle in Resources */ = {isa = PBXBuildFile; fileRef = 839D82A11DDEDF06008CEEE3 /* MLEmoji_Expression.bundle */; };
		839D82C61DDEDF06008CEEE3 /* MLEmoji_Expression.plist in Resources */ = {isa = PBXBuildFile; fileRef = 839D82A21DDEDF06008CEEE3 /* MLEmoji_Expression.plist */; };
		839D82C71DDEDF06008CEEE3 /* MLEmoji_ExpressionImage.plist in Resources */ = {isa = PBXBuildFile; fileRef = 839D82A31DDEDF06008CEEE3 /* MLEmoji_ExpressionImage.plist */; };
		839D82C81DDEDF06008CEEE3 /* MLEmojiLabel.m in Sources */ = {isa = PBXBuildFile; fileRef = 839D82A51DDEDF06008CEEE3 /* MLEmojiLabel.m */; };
		839D82C91DDEDF06008CEEE3 /* NSAttributedString+MLLabel.m in Sources */ = {isa = PBXBuildFile; fileRef = 839D82AA1DDEDF06008CEEE3 /* NSAttributedString+MLLabel.m */; };
		839D82CA1DDEDF06008CEEE3 /* NSMutableAttributedString+MLLabel.m in Sources */ = {isa = PBXBuildFile; fileRef = 839D82AC1DDEDF06008CEEE3 /* NSMutableAttributedString+MLLabel.m */; };
		839D82CB1DDEDF06008CEEE3 /* NSString+MLLabel.m in Sources */ = {isa = PBXBuildFile; fileRef = 839D82AE1DDEDF06008CEEE3 /* NSString+MLLabel.m */; };
		839D82CC1DDEDF06008CEEE3 /* MLExpressionManager.m in Sources */ = {isa = PBXBuildFile; fileRef = 839D82B11DDEDF06008CEEE3 /* MLExpressionManager.m */; };
		839D82CD1DDEDF06008CEEE3 /* MLTextAttachment.m in Sources */ = {isa = PBXBuildFile; fileRef = 839D82B31DDEDF06008CEEE3 /* MLTextAttachment.m */; };
		839D82CE1DDEDF06008CEEE3 /* NSAttributedString+MLExpression.m in Sources */ = {isa = PBXBuildFile; fileRef = 839D82B51DDEDF06008CEEE3 /* NSAttributedString+MLExpression.m */; };
		839D82CF1DDEDF06008CEEE3 /* NSString+MLExpression.m in Sources */ = {isa = PBXBuildFile; fileRef = 839D82B71DDEDF06008CEEE3 /* NSString+MLExpression.m */; };
		839D82D01DDEDF06008CEEE3 /* MLLabelLayoutManager.m in Sources */ = {isa = PBXBuildFile; fileRef = 839D82BB1DDEDF06008CEEE3 /* MLLabelLayoutManager.m */; };
		839D82D11DDEDF06008CEEE3 /* MLLabel.m in Sources */ = {isa = PBXBuildFile; fileRef = 839D82BD1DDEDF06008CEEE3 /* MLLabel.m */; };
		839D82D21DDEDF06008CEEE3 /* MLLinkLabel.m in Sources */ = {isa = PBXBuildFile; fileRef = 839D82BF1DDEDF06008CEEE3 /* MLLinkLabel.m */; };
		839D82D31DDEDF06008CEEE3 /* LICENSE in Resources */ = {isa = PBXBuildFile; fileRef = 839D82C01DDEDF06008CEEE3 /* LICENSE */; };
		839D82D41DDEDF06008CEEE3 /* README.md in Sources */ = {isa = PBXBuildFile; fileRef = 839D82C11DDEDF06008CEEE3 /* README.md */; };
		839D82D51DDEDF06008CEEE3 /* TTTAttributedLabel.m in Sources */ = {isa = PBXBuildFile; fileRef = 839D82C41DDEDF06008CEEE3 /* TTTAttributedLabel.m */; };
		83DDF6CA1DCC384000B8B6A7 /* LFYBaseVC.m in Sources */ = {isa = PBXBuildFile; fileRef = 83DDF6C91DCC384000B8B6A7 /* LFYBaseVC.m */; };
		83DDF6CD1DCC38A300B8B6A7 /* LFYTabBarController.m in Sources */ = {isa = PBXBuildFile; fileRef = 83DDF6CC1DCC38A300B8B6A7 /* LFYTabBarController.m */; };
		83DDF6D01DCC522D00B8B6A7 /* HomeVC.m in Sources */ = {isa = PBXBuildFile; fileRef = 83DDF6CF1DCC522D00B8B6A7 /* HomeVC.m */; };
		83DDF6D31DCC53E100B8B6A7 /* ContactVC.m in Sources */ = {isa = PBXBuildFile; fileRef = 83DDF6D21DCC53E100B8B6A7 /* ContactVC.m */; };
		83DDF6D61DCC53F600B8B6A7 /* DiscoveryVC.m in Sources */ = {isa = PBXBuildFile; fileRef = 83DDF6D51DCC53F600B8B6A7 /* DiscoveryVC.m */; };
		83DDF6D91DCC540100B8B6A7 /* MineVC.m in Sources */ = {isa = PBXBuildFile; fileRef = 83DDF6D81DCC540100B8B6A7 /* MineVC.m */; };
		83DDF6DB1DCC6B7D00B8B6A7 /* Assets.xcassets in Resources */ = {isa = PBXBuildFile; fileRef = 83DDF6DA1DCC6B7D00B8B6A7 /* Assets.xcassets */; };
/* End PBXBuildFile section */

/* Begin PBXContainerItemProxy section */
		8302D6C31DCC20CF009E70E8 /* PBXContainerItemProxy */ = {
			isa = PBXContainerItemProxy;
			containerPortal = 8302D6A11DCC20CE009E70E8 /* Project object */;
			proxyType = 1;
			remoteGlobalIDString = 8302D6A81DCC20CE009E70E8;
			remoteInfo = Luffy_WeiXin;
		};
		8302D6CE1DCC20CF009E70E8 /* PBXContainerItemProxy */ = {
			isa = PBXContainerItemProxy;
			containerPortal = 8302D6A11DCC20CE009E70E8 /* Project object */;
			proxyType = 1;
			remoteGlobalIDString = 8302D6A81DCC20CE009E70E8;
			remoteInfo = Luffy_WeiXin;
		};
/* End PBXContainerItemProxy section */

/* Begin PBXFileReference section */
		8302D6A91DCC20CE009E70E8 /* Luffy_WeiXin.app */ = {isa = PBXFileReference; explicitFileType = wrapper.application; includeInIndex = 0; path = Luffy_WeiXin.app; sourceTree = BUILT_PRODUCTS_DIR; };
		8302D6AD1DCC20CF009E70E8 /* main.m */ = {isa = PBXFileReference; lastKnownFileType = sourcecode.c.objc; path = main.m; sourceTree = "<group>"; };
		8302D6AF1DCC20CF009E70E8 /* AppDelegate.h */ = {isa = PBXFileReference; lastKnownFileType = sourcecode.c.h; path = AppDelegate.h; sourceTree = "<group>"; };
		8302D6B01DCC20CF009E70E8 /* AppDelegate.m */ = {isa = PBXFileReference; lastKnownFileType = sourcecode.c.objc; path = AppDelegate.m; sourceTree = "<group>"; };
		8302D6B21DCC20CF009E70E8 /* ViewController.h */ = {isa = PBXFileReference; lastKnownFileType = sourcecode.c.h; path = ViewController.h; sourceTree = "<group>"; };
		8302D6B31DCC20CF009E70E8 /* ViewController.m */ = {isa = PBXFileReference; lastKnownFileType = sourcecode.c.objc; path = ViewController.m; sourceTree = "<group>"; };
		8302D6B61DCC20CF009E70E8 /* Base */ = {isa = PBXFileReference; lastKnownFileType = file.storyboard; name = Base; path = Base.lproj/Main.storyboard; sourceTree = "<group>"; };
		8302D6BD1DCC20CF009E70E8 /* Info.plist */ = {isa = PBXFileReference; lastKnownFileType = text.plist.xml; path = Info.plist; sourceTree = "<group>"; };
		8302D6C21DCC20CF009E70E8 /* Luffy_WeiXinTests.xctest */ = {isa = PBXFileReference; explicitFileType = wrapper.cfbundle; includeInIndex = 0; path = Luffy_WeiXinTests.xctest; sourceTree = BUILT_PRODUCTS_DIR; };
		8302D6C61DCC20CF009E70E8 /* Luffy_WeiXinTests.m */ = {isa = PBXFileReference; lastKnownFileType = sourcecode.c.objc; path = Luffy_WeiXinTests.m; sourceTree = "<group>"; };
		8302D6C81DCC20CF009E70E8 /* Info.plist */ = {isa = PBXFileReference; lastKnownFileType = text.plist.xml; path = Info.plist; sourceTree = "<group>"; };
		8302D6CD1DCC20CF009E70E8 /* Luffy_WeiXinUITests.xctest */ = {isa = PBXFileReference; explicitFileType = wrapper.cfbundle; includeInIndex = 0; path = Luffy_WeiXinUITests.xctest; sourceTree = BUILT_PRODUCTS_DIR; };
		8302D6D11DCC20CF009E70E8 /* Luffy_WeiXinUITests.m */ = {isa = PBXFileReference; lastKnownFileType = sourcecode.c.objc; path = Luffy_WeiXinUITests.m; sourceTree = "<group>"; };
		8302D6D31DCC20CF009E70E8 /* Info.plist */ = {isa = PBXFileReference; lastKnownFileType = text.plist.xml; path = Info.plist; sourceTree = "<group>"; };
		833AB5291DD991A700877EE5 /* IMG_0027.JPG */ = {isa = PBXFileReference; lastKnownFileType = image.jpeg; name = IMG_0027.JPG; path = ../ViewControllers/ChatViewController/Views/ChatCells/IMG_0027.JPG; sourceTree = "<group>"; };
		833AB52C1DD9AD6400877EE5 /* LFYChatTextCell.h */ = {isa = PBXFileReference; fileEncoding = 4; lastKnownFileType = sourcecode.c.h; path = LFYChatTextCell.h; sourceTree = "<group>"; };
		833AB52D1DD9AD6400877EE5 /* LFYChatTextCell.m */ = {isa = PBXFileReference; fileEncoding = 4; lastKnownFileType = sourcecode.c.objc; path = LFYChatTextCell.m; sourceTree = "<group>"; };
		833AB52F1DD9AD7E00877EE5 /* LFYChatImageCell.h */ = {isa = PBXFileReference; fileEncoding = 4; lastKnownFileType = sourcecode.c.h; path = LFYChatImageCell.h; sourceTree = "<group>"; };
		833AB5301DD9AD7E00877EE5 /* LFYChatImageCell.m */ = {isa = PBXFileReference; fileEncoding = 4; lastKnownFileType = sourcecode.c.objc; path = LFYChatImageCell.m; sourceTree = "<group>"; };
		835522A81DD59FAC0037A30B /* Luffy_WeiXin.pch */ = {isa = PBXFileReference; lastKnownFileType = sourcecode.c.h; path = Luffy_WeiXin.pch; sourceTree = "<group>"; };
		835522AC1DD5A8E20037A30B /* LFYChatViewController.h */ = {isa = PBXFileReference; fileEncoding = 4; lastKnownFileType = sourcecode.c.h; path = LFYChatViewController.h; sourceTree = "<group>"; };
		835522AD1DD5A8E20037A30B /* LFYChatViewController.m */ = {isa = PBXFileReference; fileEncoding = 4; lastKnownFileType = sourcecode.c.objc; path = LFYChatViewController.m; sourceTree = "<group>"; };
		835522AF1DD5AB690037A30B /* LFYMessageModel.h */ = {isa = PBXFileReference; fileEncoding = 4; lastKnownFileType = sourcecode.c.h; path = LFYMessageModel.h; sourceTree = "<group>"; };
		835522B01DD5AB690037A30B /* LFYMessageModel.m */ = {isa = PBXFileReference; fileEncoding = 4; lastKnownFileType = sourcecode.c.objc; path = LFYMessageModel.m; sourceTree = "<group>"; };
		835522B21DD5AC030037A30B /* LFYMessage.h */ = {isa = PBXFileReference; fileEncoding = 4; lastKnownFileType = sourcecode.c.h; path = LFYMessage.h; sourceTree = "<group>"; };
		835522B31DD5AC030037A30B /* LFYMessage.m */ = {isa = PBXFileReference; fileEncoding = 4; lastKnownFileType = sourcecode.c.objc; path = LFYMessage.m; sourceTree = "<group>"; };
		835522B61DD5AE310037A30B /* LFYChatBaseCell.h */ = {isa = PBXFileReference; fileEncoding = 4; lastKnownFileType = sourcecode.c.h; path = LFYChatBaseCell.h; sourceTree = "<group>"; };
		835522B71DD5AE310037A30B /* LFYChatBaseCell.m */ = {isa = PBXFileReference; fileEncoding = 4; lastKnownFileType = sourcecode.c.objc; path = LFYChatBaseCell.m; sourceTree = "<group>"; };
		839D82A11DDEDF06008CEEE3 /* MLEmoji_Expression.bundle */ = {isa = PBXFileReference; lastKnownFileType = "wrapper.plug-in"; path = MLEmoji_Expression.bundle; sourceTree = "<group>"; };
		839D82A21DDEDF06008CEEE3 /* MLEmoji_Expression.plist */ = {isa = PBXFileReference; fileEncoding = 4; lastKnownFileType = text.plist.xml; path = MLEmoji_Expression.plist; sourceTree = "<group>"; };
		839D82A31DDEDF06008CEEE3 /* MLEmoji_ExpressionImage.plist */ = {isa = PBXFileReference; fileEncoding = 4; lastKnownFileType = text.plist.xml; path = MLEmoji_ExpressionImage.plist; sourceTree = "<group>"; };
		839D82A41DDEDF06008CEEE3 /* MLEmojiLabel.h */ = {isa = PBXFileReference; fileEncoding = 4; lastKnownFileType = sourcecode.c.h; path = MLEmojiLabel.h; sourceTree = "<group>"; };
		839D82A51DDEDF06008CEEE3 /* MLEmojiLabel.m */ = {isa = PBXFileReference; fileEncoding = 4; lastKnownFileType = sourcecode.c.objc; path = MLEmojiLabel.m; sourceTree = "<group>"; };
		839D82A91DDEDF06008CEEE3 /* NSAttributedString+MLLabel.h */ = {isa = PBXFileReference; fileEncoding = 4; lastKnownFileType = sourcecode.c.h; path = "NSAttributedString+MLLabel.h"; sourceTree = "<group>"; };
		839D82AA1DDEDF06008CEEE3 /* NSAttributedString+MLLabel.m */ = {isa = PBXFileReference; fileEncoding = 4; lastKnownFileType = sourcecode.c.objc; path = "NSAttributedString+MLLabel.m"; sourceTree = "<group>"; };
		839D82AB1DDEDF06008CEEE3 /* NSMutableAttributedString+MLLabel.h */ = {isa = PBXFileReference; fileEncoding = 4; lastKnownFileType = sourcecode.c.h; path = "NSMutableAttributedString+MLLabel.h"; sourceTree = "<group>"; };
		839D82AC1DDEDF06008CEEE3 /* NSMutableAttributedString+MLLabel.m */ = {isa = PBXFileReference; fileEncoding = 4; lastKnownFileType = sourcecode.c.objc; path = "NSMutableAttributedString+MLLabel.m"; sourceTree = "<group>"; };
		839D82AD1DDEDF06008CEEE3 /* NSString+MLLabel.h */ = {isa = PBXFileReference; fileEncoding = 4; lastKnownFileType = sourcecode.c.h; path = "NSString+MLLabel.h"; sourceTree = "<group>"; };
		839D82AE1DDEDF06008CEEE3 /* NSString+MLLabel.m */ = {isa = PBXFileReference; fileEncoding = 4; lastKnownFileType = sourcecode.c.objc; path = "NSString+MLLabel.m"; sourceTree = "<group>"; };
		839D82B01DDEDF06008CEEE3 /* MLExpressionManager.h */ = {isa = PBXFileReference; fileEncoding = 4; lastKnownFileType = sourcecode.c.h; path = MLExpressionManager.h; sourceTree = "<group>"; };
		839D82B11DDEDF06008CEEE3 /* MLExpressionManager.m */ = {isa = PBXFileReference; fileEncoding = 4; lastKnownFileType = sourcecode.c.objc; path = MLExpressionManager.m; sourceTree = "<group>"; };
		839D82B21DDEDF06008CEEE3 /* MLTextAttachment.h */ = {isa = PBXFileReference; fileEncoding = 4; lastKnownFileType = sourcecode.c.h; path = MLTextAttachment.h; sourceTree = "<group>"; };
		839D82B31DDEDF06008CEEE3 /* MLTextAttachment.m */ = {isa = PBXFileReference; fileEncoding = 4; lastKnownFileType = sourcecode.c.objc; path = MLTextAttachment.m; sourceTree = "<group>"; };
		839D82B41DDEDF06008CEEE3 /* NSAttributedString+MLExpression.h */ = {isa = PBXFileReference; fileEncoding = 4; lastKnownFileType = sourcecode.c.h; path = "NSAttributedString+MLExpression.h"; sourceTree = "<group>"; };
		839D82B51DDEDF06008CEEE3 /* NSAttributedString+MLExpression.m */ = {isa = PBXFileReference; fileEncoding = 4; lastKnownFileType = sourcecode.c.objc; path = "NSAttributedString+MLExpression.m"; sourceTree = "<group>"; };
		839D82B61DDEDF06008CEEE3 /* NSString+MLExpression.h */ = {isa = PBXFileReference; fileEncoding = 4; lastKnownFileType = sourcecode.c.h; path = "NSString+MLExpression.h"; sourceTree = "<group>"; };
		839D82B71DDEDF06008CEEE3 /* NSString+MLExpression.m */ = {isa = PBXFileReference; fileEncoding = 4; lastKnownFileType = sourcecode.c.objc; path = "NSString+MLExpression.m"; sourceTree = "<group>"; };
		839D82B91DDEDF06008CEEE3 /* MLLabel+Override.h */ = {isa = PBXFileReference; fileEncoding = 4; lastKnownFileType = sourcecode.c.h; path = "MLLabel+Override.h"; sourceTree = "<group>"; };
		839D82BA1DDEDF06008CEEE3 /* MLLabelLayoutManager.h */ = {isa = PBXFileReference; fileEncoding = 4; lastKnownFileType = sourcecode.c.h; path = MLLabelLayoutManager.h; sourceTree = "<group>"; };
		839D82BB1DDEDF06008CEEE3 /* MLLabelLayoutManager.m */ = {isa = PBXFileReference; fileEncoding = 4; lastKnownFileType = sourcecode.c.objc; path = MLLabelLayoutManager.m; sourceTree = "<group>"; };
		839D82BC1DDEDF06008CEEE3 /* MLLabel.h */ = {isa = PBXFileReference; fileEncoding = 4; lastKnownFileType = sourcecode.c.h; path = MLLabel.h; sourceTree = "<group>"; };
		839D82BD1DDEDF06008CEEE3 /* MLLabel.m */ = {isa = PBXFileReference; fileEncoding = 4; lastKnownFileType = sourcecode.c.objc; path = MLLabel.m; sourceTree = "<group>"; };
		839D82BE1DDEDF06008CEEE3 /* MLLinkLabel.h */ = {isa = PBXFileReference; fileEncoding = 4; lastKnownFileType = sourcecode.c.h; path = MLLinkLabel.h; sourceTree = "<group>"; };
		839D82BF1DDEDF06008CEEE3 /* MLLinkLabel.m */ = {isa = PBXFileReference; fileEncoding = 4; lastKnownFileType = sourcecode.c.objc; path = MLLinkLabel.m; sourceTree = "<group>"; };
		839D82C01DDEDF06008CEEE3 /* LICENSE */ = {isa = PBXFileReference; fileEncoding = 4; lastKnownFileType = text; path = LICENSE; sourceTree = "<group>"; };
		839D82C11DDEDF06008CEEE3 /* README.md */ = {isa = PBXFileReference; fileEncoding = 4; lastKnownFileType = net.daringfireball.markdown; path = README.md; sourceTree = "<group>"; };
		839D82C31DDEDF06008CEEE3 /* TTTAttributedLabel.h */ = {isa = PBXFileReference; fileEncoding = 4; lastKnownFileType = sourcecode.c.h; path = TTTAttributedLabel.h; sourceTree = "<group>"; };
		839D82C41DDEDF06008CEEE3 /* TTTAttributedLabel.m */ = {isa = PBXFileReference; fileEncoding = 4; lastKnownFileType = sourcecode.c.objc; path = TTTAttributedLabel.m; sourceTree = "<group>"; };
		83DDF6C81DCC384000B8B6A7 /* LFYBaseVC.h */ = {isa = PBXFileReference; fileEncoding = 4; lastKnownFileType = sourcecode.c.h; path = LFYBaseVC.h; sourceTree = "<group>"; };
		83DDF6C91DCC384000B8B6A7 /* LFYBaseVC.m */ = {isa = PBXFileReference; fileEncoding = 4; lastKnownFileType = sourcecode.c.objc; path = LFYBaseVC.m; sourceTree = "<group>"; };
		83DDF6CB1DCC38A300B8B6A7 /* LFYTabBarController.h */ = {isa = PBXFileReference; fileEncoding = 4; lastKnownFileType = sourcecode.c.h; path = LFYTabBarController.h; sourceTree = "<group>"; };
		83DDF6CC1DCC38A300B8B6A7 /* LFYTabBarController.m */ = {isa = PBXFileReference; fileEncoding = 4; lastKnownFileType = sourcecode.c.objc; path = LFYTabBarController.m; sourceTree = "<group>"; };
		83DDF6CE1DCC522D00B8B6A7 /* HomeVC.h */ = {isa = PBXFileReference; fileEncoding = 4; lastKnownFileType = sourcecode.c.h; path = HomeVC.h; sourceTree = "<group>"; };
		83DDF6CF1DCC522D00B8B6A7 /* HomeVC.m */ = {isa = PBXFileReference; fileEncoding = 4; lastKnownFileType = sourcecode.c.objc; path = HomeVC.m; sourceTree = "<group>"; };
		83DDF6D11DCC53E100B8B6A7 /* ContactVC.h */ = {isa = PBXFileReference; fileEncoding = 4; lastKnownFileType = sourcecode.c.h; path = ContactVC.h; sourceTree = "<group>"; };
		83DDF6D21DCC53E100B8B6A7 /* ContactVC.m */ = {isa = PBXFileReference; fileEncoding = 4; lastKnownFileType = sourcecode.c.objc; path = ContactVC.m; sourceTree = "<group>"; };
		83DDF6D41DCC53F600B8B6A7 /* DiscoveryVC.h */ = {isa = PBXFileReference; fileEncoding = 4; lastKnownFileType = sourcecode.c.h; path = DiscoveryVC.h; sourceTree = "<group>"; };
		83DDF6D51DCC53F600B8B6A7 /* DiscoveryVC.m */ = {isa = PBXFileReference; fileEncoding = 4; lastKnownFileType = sourcecode.c.objc; path = DiscoveryVC.m; sourceTree = "<group>"; };
		83DDF6D71DCC540100B8B6A7 /* MineVC.h */ = {isa = PBXFileReference; fileEncoding = 4; lastKnownFileType = sourcecode.c.h; path = MineVC.h; sourceTree = "<group>"; };
		83DDF6D81DCC540100B8B6A7 /* MineVC.m */ = {isa = PBXFileReference; fileEncoding = 4; lastKnownFileType = sourcecode.c.objc; path = MineVC.m; sourceTree = "<group>"; };
		83DDF6DA1DCC6B7D00B8B6A7 /* Assets.xcassets */ = {isa = PBXFileReference; lastKnownFileType = folder.assetcatalog; name = Assets.xcassets; path = ../Assets.xcassets; sourceTree = "<group>"; };
		921BE08A3A8FACA917304EA6 /* Pods.release.xcconfig */ = {isa = PBXFileReference; includeInIndex = 1; lastKnownFileType = text.xcconfig; name = Pods.release.xcconfig; path = "Pods/Target Support Files/Pods/Pods.release.xcconfig"; sourceTree = "<group>"; };
		C886A20BAE7FFE52AFD3486B /* libPods.a */ = {isa = PBXFileReference; explicitFileType = archive.ar; includeInIndex = 0; path = libPods.a; sourceTree = BUILT_PRODUCTS_DIR; };
		EE9C534F788CAF2151F5B5BB /* Pods.debug.xcconfig */ = {isa = PBXFileReference; includeInIndex = 1; lastKnownFileType = text.xcconfig; name = Pods.debug.xcconfig; path = "Pods/Target Support Files/Pods/Pods.debug.xcconfig"; sourceTree = "<group>"; };
/* End PBXFileReference section */

/* Begin PBXFrameworksBuildPhase section */
		8302D6A61DCC20CE009E70E8 /* Frameworks */ = {
			isa = PBXFrameworksBuildPhase;
			buildActionMask = 2147483647;
			files = (
				61D19D83ADB94E713E55643E /* libPods.a in Frameworks */,
			);
			runOnlyForDeploymentPostprocessing = 0;
		};
		8302D6BF1DCC20CF009E70E8 /* Frameworks */ = {
			isa = PBXFrameworksBuildPhase;
			buildActionMask = 2147483647;
			files = (
			);
			runOnlyForDeploymentPostprocessing = 0;
		};
		8302D6CA1DCC20CF009E70E8 /* Frameworks */ = {
			isa = PBXFrameworksBuildPhase;
			buildActionMask = 2147483647;
			files = (
			);
			runOnlyForDeploymentPostprocessing = 0;
		};
/* End PBXFrameworksBuildPhase section */

/* Begin PBXGroup section */
		8302D6A01DCC20CE009E70E8 = {
			isa = PBXGroup;
			children = (
				8302D6AB1DCC20CE009E70E8 /* Luffy_WeiXin */,
				8302D6C51DCC20CF009E70E8 /* Luffy_WeiXinTests */,
				8302D6D01DCC20CF009E70E8 /* Luffy_WeiXinUITests */,
				8302D6AA1DCC20CE009E70E8 /* Products */,
				ACD5118BAD5D23823173D8D3 /* Pods */,
				9221290D40E9B1B0EAABCC4E /* Frameworks */,
			);
			sourceTree = "<group>";
		};
		8302D6AA1DCC20CE009E70E8 /* Products */ = {
			isa = PBXGroup;
			children = (
				8302D6A91DCC20CE009E70E8 /* Luffy_WeiXin.app */,
				8302D6C21DCC20CF009E70E8 /* Luffy_WeiXinTests.xctest */,
				8302D6CD1DCC20CF009E70E8 /* Luffy_WeiXinUITests.xctest */,
			);
			name = Products;
			sourceTree = "<group>";
		};
		8302D6AB1DCC20CE009E70E8 /* Luffy_WeiXin */ = {
			isa = PBXGroup;
			children = (
				83DDF6C11DCC365600B8B6A7 /* ViewControllers */,
				839D829F1DDEDF06008CEEE3 /* Vender */,
				8302D6AF1DCC20CF009E70E8 /* AppDelegate.h */,
				8302D6B01DCC20CF009E70E8 /* AppDelegate.m */,
				8302D6B21DCC20CF009E70E8 /* ViewController.h */,
				8302D6B31DCC20CF009E70E8 /* ViewController.m */,
				8302D6B51DCC20CF009E70E8 /* Main.storyboard */,
				833AB52B1DD99B7900877EE5 /* Resource */,
				8302D6AC1DCC20CF009E70E8 /* Supporting Files */,
			);
			path = Luffy_WeiXin;
			sourceTree = "<group>";
		};
		8302D6AC1DCC20CF009E70E8 /* Supporting Files */ = {
			isa = PBXGroup;
			children = (
				8302D6BD1DCC20CF009E70E8 /* Info.plist */,
				8302D6AD1DCC20CF009E70E8 /* main.m */,
				835522A81DD59FAC0037A30B /* Luffy_WeiXin.pch */,
			);
			name = "Supporting Files";
			sourceTree = "<group>";
		};
		8302D6C51DCC20CF009E70E8 /* Luffy_WeiXinTests */ = {
			isa = PBXGroup;
			children = (
				8302D6C61DCC20CF009E70E8 /* Luffy_WeiXinTests.m */,
				8302D6C81DCC20CF009E70E8 /* Info.plist */,
			);
			path = Luffy_WeiXinTests;
			sourceTree = "<group>";
		};
		8302D6D01DCC20CF009E70E8 /* Luffy_WeiXinUITests */ = {
			isa = PBXGroup;
			children = (
				8302D6D11DCC20CF009E70E8 /* Luffy_WeiXinUITests.m */,
				8302D6D31DCC20CF009E70E8 /* Info.plist */,
			);
			path = Luffy_WeiXinUITests;
			sourceTree = "<group>";
		};
		833AB52B1DD99B7900877EE5 /* Resource */ = {
			isa = PBXGroup;
			children = (
				83DDF6DA1DCC6B7D00B8B6A7 /* Assets.xcassets */,
				833AB5291DD991A700877EE5 /* IMG_0027.JPG */,
			);
			path = Resource;
			sourceTree = "<group>";
		};
		835522A91DD5A7EF0037A30B /* Chat */ = {
			isa = PBXGroup;
			children = (
				835522AA1DD5A82A0037A30B /* Models */,
				835522AB1DD5A82A0037A30B /* Views */,
				835522AC1DD5A8E20037A30B /* LFYChatViewController.h */,
				835522AD1DD5A8E20037A30B /* LFYChatViewController.m */,
			);
			name = Chat;
			path = ChatViewController;
			sourceTree = "<group>";
		};
		835522AA1DD5A82A0037A30B /* Models */ = {
			isa = PBXGroup;
			children = (
				835522AF1DD5AB690037A30B /* LFYMessageModel.h */,
				835522B01DD5AB690037A30B /* LFYMessageModel.m */,
				835522B21DD5AC030037A30B /* LFYMessage.h */,
				835522B31DD5AC030037A30B /* LFYMessage.m */,
			);
			path = Models;
			sourceTree = "<group>";
		};
		835522AB1DD5A82A0037A30B /* Views */ = {
			isa = PBXGroup;
			children = (
				835522B51DD5ADC60037A30B /* ChatCells */,
			);
			path = Views;
			sourceTree = "<group>";
		};
		835522B51DD5ADC60037A30B /* ChatCells */ = {
			isa = PBXGroup;
			children = (
				835522B61DD5AE310037A30B /* LFYChatBaseCell.h */,
				835522B71DD5AE310037A30B /* LFYChatBaseCell.m */,
				833AB52C1DD9AD6400877EE5 /* LFYChatTextCell.h */,
				833AB52D1DD9AD6400877EE5 /* LFYChatTextCell.m */,
				833AB52F1DD9AD7E00877EE5 /* LFYChatImageCell.h */,
				833AB5301DD9AD7E00877EE5 /* LFYChatImageCell.m */,
			);
			path = ChatCells;
			sourceTree = "<group>";
		};
		839D829F1DDEDF06008CEEE3 /* Vender */ = {
			isa = PBXGroup;
			children = (
				839D82A01DDEDF06008CEEE3 /* MLEmojiLabel */,
			);
			path = Vender;
			sourceTree = "<group>";
		};
		839D82A01DDEDF06008CEEE3 /* MLEmojiLabel */ = {
			isa = PBXGroup;
			children = (
				839D82A11DDEDF06008CEEE3 /* MLEmoji_Expression.bundle */,
				839D82A21DDEDF06008CEEE3 /* MLEmoji_Expression.plist */,
				839D82A31DDEDF06008CEEE3 /* MLEmoji_ExpressionImage.plist */,
				839D82A41DDEDF06008CEEE3 /* MLEmojiLabel.h */,
				839D82A51DDEDF06008CEEE3 /* MLEmojiLabel.m */,
				839D82A61DDEDF06008CEEE3 /* MLLabel */,
				839D82C21DDEDF06008CEEE3 /* TTTAttributedLabel */,
			);
			path = MLEmojiLabel;
			sourceTree = "<group>";
		};
		839D82A61DDEDF06008CEEE3 /* MLLabel */ = {
			isa = PBXGroup;
			children = (
				839D82A71DDEDF06008CEEE3 /* Classes */,
				839D82C01DDEDF06008CEEE3 /* LICENSE */,
				839D82C11DDEDF06008CEEE3 /* README.md */,
			);
			path = MLLabel;
			sourceTree = "<group>";
		};
		839D82A71DDEDF06008CEEE3 /* Classes */ = {
			isa = PBXGroup;
			children = (
				839D82A81DDEDF06008CEEE3 /* Category */,
				839D82AF1DDEDF06008CEEE3 /* Expression */,
				839D82B81DDEDF06008CEEE3 /* Helper */,
				839D82BC1DDEDF06008CEEE3 /* MLLabel.h */,
				839D82BD1DDEDF06008CEEE3 /* MLLabel.m */,
				839D82BE1DDEDF06008CEEE3 /* MLLinkLabel.h */,
				839D82BF1DDEDF06008CEEE3 /* MLLinkLabel.m */,
			);
			path = Classes;
			sourceTree = "<group>";
		};
		839D82A81DDEDF06008CEEE3 /* Category */ = {
			isa = PBXGroup;
			children = (
				839D82A91DDEDF06008CEEE3 /* NSAttributedString+MLLabel.h */,
				839D82AA1DDEDF06008CEEE3 /* NSAttributedString+MLLabel.m */,
				839D82AB1DDEDF06008CEEE3 /* NSMutableAttributedString+MLLabel.h */,
				839D82AC1DDEDF06008CEEE3 /* NSMutableAttributedString+MLLabel.m */,
				839D82AD1DDEDF06008CEEE3 /* NSString+MLLabel.h */,
				839D82AE1DDEDF06008CEEE3 /* NSString+MLLabel.m */,
			);
			path = Category;
			sourceTree = "<group>";
		};
		839D82AF1DDEDF06008CEEE3 /* Expression */ = {
			isa = PBXGroup;
			children = (
				839D82B01DDEDF06008CEEE3 /* MLExpressionManager.h */,
				839D82B11DDEDF06008CEEE3 /* MLExpressionManager.m */,
				839D82B21DDEDF06008CEEE3 /* MLTextAttachment.h */,
				839D82B31DDEDF06008CEEE3 /* MLTextAttachment.m */,
				839D82B41DDEDF06008CEEE3 /* NSAttributedString+MLExpression.h */,
				839D82B51DDEDF06008CEEE3 /* NSAttributedString+MLExpression.m */,
				839D82B61DDEDF06008CEEE3 /* NSString+MLExpression.h */,
				839D82B71DDEDF06008CEEE3 /* NSString+MLExpression.m */,
			);
			path = Expression;
			sourceTree = "<group>";
		};
		839D82B81DDEDF06008CEEE3 /* Helper */ = {
			isa = PBXGroup;
			children = (
				839D82B91DDEDF06008CEEE3 /* MLLabel+Override.h */,
				839D82BA1DDEDF06008CEEE3 /* MLLabelLayoutManager.h */,
				839D82BB1DDEDF06008CEEE3 /* MLLabelLayoutManager.m */,
			);
			path = Helper;
			sourceTree = "<group>";
		};
		839D82C21DDEDF06008CEEE3 /* TTTAttributedLabel */ = {
			isa = PBXGroup;
			children = (
				839D82C31DDEDF06008CEEE3 /* TTTAttributedLabel.h */,
				839D82C41DDEDF06008CEEE3 /* TTTAttributedLabel.m */,
			);
			path = TTTAttributedLabel;
			sourceTree = "<group>";
		};
		83DDF6C11DCC365600B8B6A7 /* ViewControllers */ = {
			isa = PBXGroup;
			children = (
				835522A91DD5A7EF0037A30B /* Chat */,
				83DDF6C71DCC379200B8B6A7 /* Base */,
				83DDF6C61DCC370900B8B6A7 /* TabBar */,
				83DDF6C41DCC370900B8B6A7 /* Home */,
				83DDF6C21DCC370900B8B6A7 /* Contact */,
				83DDF6C31DCC370900B8B6A7 /* Discovery */,
				83DDF6C51DCC370900B8B6A7 /* Mine */,
			);
			path = ViewControllers;
			sourceTree = "<group>";
		};
		83DDF6C21DCC370900B8B6A7 /* Contact */ = {
			isa = PBXGroup;
			children = (
				83DDF6D11DCC53E100B8B6A7 /* ContactVC.h */,
				83DDF6D21DCC53E100B8B6A7 /* ContactVC.m */,
			);
			path = Contact;
			sourceTree = "<group>";
		};
		83DDF6C31DCC370900B8B6A7 /* Discovery */ = {
			isa = PBXGroup;
			children = (
				83DDF6D41DCC53F600B8B6A7 /* DiscoveryVC.h */,
				83DDF6D51DCC53F600B8B6A7 /* DiscoveryVC.m */,
			);
			path = Discovery;
			sourceTree = "<group>";
		};
		83DDF6C41DCC370900B8B6A7 /* Home */ = {
			isa = PBXGroup;
			children = (
				83DDF6CE1DCC522D00B8B6A7 /* HomeVC.h */,
				83DDF6CF1DCC522D00B8B6A7 /* HomeVC.m */,
			);
			path = Home;
			sourceTree = "<group>";
		};
		83DDF6C51DCC370900B8B6A7 /* Mine */ = {
			isa = PBXGroup;
			children = (
				83DDF6D71DCC540100B8B6A7 /* MineVC.h */,
				83DDF6D81DCC540100B8B6A7 /* MineVC.m */,
			);
			path = Mine;
			sourceTree = "<group>";
		};
		83DDF6C61DCC370900B8B6A7 /* TabBar */ = {
			isa = PBXGroup;
			children = (
				83DDF6CB1DCC38A300B8B6A7 /* LFYTabBarController.h */,
				83DDF6CC1DCC38A300B8B6A7 /* LFYTabBarController.m */,
			);
			path = TabBar;
			sourceTree = "<group>";
		};
		83DDF6C71DCC379200B8B6A7 /* Base */ = {
			isa = PBXGroup;
			children = (
				83DDF6C81DCC384000B8B6A7 /* LFYBaseVC.h */,
				83DDF6C91DCC384000B8B6A7 /* LFYBaseVC.m */,
			);
			path = Base;
			sourceTree = "<group>";
		};
		9221290D40E9B1B0EAABCC4E /* Frameworks */ = {
			isa = PBXGroup;
			children = (
				C886A20BAE7FFE52AFD3486B /* libPods.a */,
			);
			name = Frameworks;
			sourceTree = "<group>";
		};
		ACD5118BAD5D23823173D8D3 /* Pods */ = {
			isa = PBXGroup;
			children = (
				EE9C534F788CAF2151F5B5BB /* Pods.debug.xcconfig */,
				921BE08A3A8FACA917304EA6 /* Pods.release.xcconfig */,
			);
			name = Pods;
			sourceTree = "<group>";
		};
/* End PBXGroup section */

/* Begin PBXNativeTarget section */
		8302D6A81DCC20CE009E70E8 /* Luffy_WeiXin */ = {
			isa = PBXNativeTarget;
			buildConfigurationList = 8302D6D61DCC20CF009E70E8 /* Build configuration list for PBXNativeTarget "Luffy_WeiXin" */;
			buildPhases = (
				87993F096CEB3609B6F51E04 /* Check Pods Manifest.lock */,
				8302D6A51DCC20CE009E70E8 /* Sources */,
				8302D6A61DCC20CE009E70E8 /* Frameworks */,
				8302D6A71DCC20CE009E70E8 /* Resources */,
				552E7DF748A1237A867C9CEF /* Embed Pods Frameworks */,
				2597EBB43830B85BE7F2FD80 /* Copy Pods Resources */,
			);
			buildRules = (
			);
			dependencies = (
			);
			name = Luffy_WeiXin;
			productName = Luffy_WeiXin;
			productReference = 8302D6A91DCC20CE009E70E8 /* Luffy_WeiXin.app */;
			productType = "com.apple.product-type.application";
		};
		8302D6C11DCC20CF009E70E8 /* Luffy_WeiXinTests */ = {
			isa = PBXNativeTarget;
			buildConfigurationList = 8302D6D91DCC20CF009E70E8 /* Build configuration list for PBXNativeTarget "Luffy_WeiXinTests" */;
			buildPhases = (
				8302D6BE1DCC20CF009E70E8 /* Sources */,
				8302D6BF1DCC20CF009E70E8 /* Frameworks */,
				8302D6C01DCC20CF009E70E8 /* Resources */,
			);
			buildRules = (
			);
			dependencies = (
				8302D6C41DCC20CF009E70E8 /* PBXTargetDependency */,
			);
			name = Luffy_WeiXinTests;
			productName = Luffy_WeiXinTests;
			productReference = 8302D6C21DCC20CF009E70E8 /* Luffy_WeiXinTests.xctest */;
			productType = "com.apple.product-type.bundle.unit-test";
		};
		8302D6CC1DCC20CF009E70E8 /* Luffy_WeiXinUITests */ = {
			isa = PBXNativeTarget;
			buildConfigurationList = 8302D6DC1DCC20CF009E70E8 /* Build configuration list for PBXNativeTarget "Luffy_WeiXinUITests" */;
			buildPhases = (
				8302D6C91DCC20CF009E70E8 /* Sources */,
				8302D6CA1DCC20CF009E70E8 /* Frameworks */,
				8302D6CB1DCC20CF009E70E8 /* Resources */,
			);
			buildRules = (
			);
			dependencies = (
				8302D6CF1DCC20CF009E70E8 /* PBXTargetDependency */,
			);
			name = Luffy_WeiXinUITests;
			productName = Luffy_WeiXinUITests;
			productReference = 8302D6CD1DCC20CF009E70E8 /* Luffy_WeiXinUITests.xctest */;
			productType = "com.apple.product-type.bundle.ui-testing";
		};
/* End PBXNativeTarget section */

/* Begin PBXProject section */
		8302D6A11DCC20CE009E70E8 /* Project object */ = {
			isa = PBXProject;
			attributes = {
				LastUpgradeCheck = 0800;
				ORGANIZATIONNAME = com.elepphant.pingchuan;
				TargetAttributes = {
					8302D6A81DCC20CE009E70E8 = {
						CreatedOnToolsVersion = 8.0;
						DevelopmentTeam = 9N6P88TN8F;
						ProvisioningStyle = Automatic;
					};
					8302D6C11DCC20CF009E70E8 = {
						CreatedOnToolsVersion = 8.0;
						DevelopmentTeam = 9N6P88TN8F;
						ProvisioningStyle = Automatic;
						TestTargetID = 8302D6A81DCC20CE009E70E8;
					};
					8302D6CC1DCC20CF009E70E8 = {
						CreatedOnToolsVersion = 8.0;
						DevelopmentTeam = 9N6P88TN8F;
						ProvisioningStyle = Automatic;
						TestTargetID = 8302D6A81DCC20CE009E70E8;
					};
				};
			};
			buildConfigurationList = 8302D6A41DCC20CE009E70E8 /* Build configuration list for PBXProject "Luffy_WeiXin" */;
			compatibilityVersion = "Xcode 3.2";
			developmentRegion = English;
			hasScannedForEncodings = 0;
			knownRegions = (
				en,
				Base,
			);
			mainGroup = 8302D6A01DCC20CE009E70E8;
			productRefGroup = 8302D6AA1DCC20CE009E70E8 /* Products */;
			projectDirPath = "";
			projectRoot = "";
			targets = (
				8302D6A81DCC20CE009E70E8 /* Luffy_WeiXin */,
				8302D6C11DCC20CF009E70E8 /* Luffy_WeiXinTests */,
				8302D6CC1DCC20CF009E70E8 /* Luffy_WeiXinUITests */,
			);
		};
/* End PBXProject section */

/* Begin PBXResourcesBuildPhase section */
		8302D6A71DCC20CE009E70E8 /* Resources */ = {
			isa = PBXResourcesBuildPhase;
			buildActionMask = 2147483647;
			files = (
				839D82C61DDEDF06008CEEE3 /* MLEmoji_Expression.plist in Resources */,
				833AB52A1DD991A700877EE5 /* IMG_0027.JPG in Resources */,
				839D82C51DDEDF06008CEEE3 /* MLEmoji_Expression.bundle in Resources */,
				839D82D31DDEDF06008CEEE3 /* LICENSE in Resources */,
				83DDF6DB1DCC6B7D00B8B6A7 /* Assets.xcassets in Resources */,
				839D82C71DDEDF06008CEEE3 /* MLEmoji_ExpressionImage.plist in Resources */,
				8302D6B71DCC20CF009E70E8 /* Main.storyboard in Resources */,
			);
			runOnlyForDeploymentPostprocessing = 0;
		};
		8302D6C01DCC20CF009E70E8 /* Resources */ = {
			isa = PBXResourcesBuildPhase;
			buildActionMask = 2147483647;
			files = (
			);
			runOnlyForDeploymentPostprocessing = 0;
		};
		8302D6CB1DCC20CF009E70E8 /* Resources */ = {
			isa = PBXResourcesBuildPhase;
			buildActionMask = 2147483647;
			files = (
			);
			runOnlyForDeploymentPostprocessing = 0;
		};
/* End PBXResourcesBuildPhase section */

/* Begin PBXShellScriptBuildPhase section */
		2597EBB43830B85BE7F2FD80 /* Copy Pods Resources */ = {
			isa = PBXShellScriptBuildPhase;
			buildActionMask = 2147483647;
			files = (
			);
			inputPaths = (
			);
			name = "Copy Pods Resources";
			outputPaths = (
			);
			runOnlyForDeploymentPostprocessing = 0;
			shellPath = /bin/sh;
			shellScript = "\"${SRCROOT}/Pods/Target Support Files/Pods/Pods-resources.sh\"\n";
			showEnvVarsInLog = 0;
		};
		552E7DF748A1237A867C9CEF /* Embed Pods Frameworks */ = {
			isa = PBXShellScriptBuildPhase;
			buildActionMask = 2147483647;
			files = (
			);
			inputPaths = (
			);
			name = "Embed Pods Frameworks";
			outputPaths = (
			);
			runOnlyForDeploymentPostprocessing = 0;
			shellPath = /bin/sh;
			shellScript = "\"${SRCROOT}/Pods/Target Support Files/Pods/Pods-frameworks.sh\"\n";
			showEnvVarsInLog = 0;
		};
		87993F096CEB3609B6F51E04 /* Check Pods Manifest.lock */ = {
			isa = PBXShellScriptBuildPhase;
			buildActionMask = 2147483647;
			files = (
			);
			inputPaths = (
			);
			name = "Check Pods Manifest.lock";
			outputPaths = (
			);
			runOnlyForDeploymentPostprocessing = 0;
			shellPath = /bin/sh;
			shellScript = "diff \"${PODS_ROOT}/../Podfile.lock\" \"${PODS_ROOT}/Manifest.lock\" > /dev/null\nif [[ $? != 0 ]] ; then\n    cat << EOM\nerror: The sandbox is not in sync with the Podfile.lock. Run 'pod install' or update your CocoaPods installation.\nEOM\n    exit 1\nfi\n";
			showEnvVarsInLog = 0;
		};
/* End PBXShellScriptBuildPhase section */

/* Begin PBXSourcesBuildPhase section */
		8302D6A51DCC20CE009E70E8 /* Sources */ = {
			isa = PBXSourcesBuildPhase;
			buildActionMask = 2147483647;
			files = (
				833AB52E1DD9AD6400877EE5 /* LFYChatTextCell.m in Sources */,
				839D82D21DDEDF06008CEEE3 /* MLLinkLabel.m in Sources */,
				83DDF6D31DCC53E100B8B6A7 /* ContactVC.m in Sources */,
				839D82D51DDEDF06008CEEE3 /* TTTAttributedLabel.m in Sources */,
				833AB5311DD9AD7E00877EE5 /* LFYChatImageCell.m in Sources */,
				839D82D01DDEDF06008CEEE3 /* MLLabelLayoutManager.m in Sources */,
				83DDF6D61DCC53F600B8B6A7 /* DiscoveryVC.m in Sources */,
				83DDF6CD1DCC38A300B8B6A7 /* LFYTabBarController.m in Sources */,
				839D82CB1DDEDF06008CEEE3 /* NSString+MLLabel.m in Sources */,
				839D82CF1DDEDF06008CEEE3 /* NSString+MLExpression.m in Sources */,
				835522B41DD5AC030037A30B /* LFYMessage.m in Sources */,
				839D82C81DDEDF06008CEEE3 /* MLEmojiLabel.m in Sources */,
				83DDF6D91DCC540100B8B6A7 /* MineVC.m in Sources */,
				839D82D11DDEDF06008CEEE3 /* MLLabel.m in Sources */,
				8302D6B41DCC20CF009E70E8 /* ViewController.m in Sources */,
				83DDF6CA1DCC384000B8B6A7 /* LFYBaseVC.m in Sources */,
				839D82D41DDEDF06008CEEE3 /* README.md in Sources */,
				839D82CA1DDEDF06008CEEE3 /* NSMutableAttributedString+MLLabel.m in Sources */,
				839D82CE1DDEDF06008CEEE3 /* NSAttributedString+MLExpression.m in Sources */,
				839D82CC1DDEDF06008CEEE3 /* MLExpressionManager.m in Sources */,
				835522B81DD5AE310037A30B /* LFYChatBaseCell.m in Sources */,
				835522B11DD5AB690037A30B /* LFYMessageModel.m in Sources */,
				839D82CD1DDEDF06008CEEE3 /* MLTextAttachment.m in Sources */,
				839D82C91DDEDF06008CEEE3 /* NSAttributedString+MLLabel.m in Sources */,
				83DDF6D01DCC522D00B8B6A7 /* HomeVC.m in Sources */,
				8302D6B11DCC20CF009E70E8 /* AppDelegate.m in Sources */,
				835522AE1DD5A8E20037A30B /* LFYChatViewController.m in Sources */,
				8302D6AE1DCC20CF009E70E8 /* main.m in Sources */,
			);
			runOnlyForDeploymentPostprocessing = 0;
		};
		8302D6BE1DCC20CF009E70E8 /* Sources */ = {
			isa = PBXSourcesBuildPhase;
			buildActionMask = 2147483647;
			files = (
				8302D6C71DCC20CF009E70E8 /* Luffy_WeiXinTests.m in Sources */,
			);
			runOnlyForDeploymentPostprocessing = 0;
		};
		8302D6C91DCC20CF009E70E8 /* Sources */ = {
			isa = PBXSourcesBuildPhase;
			buildActionMask = 2147483647;
			files = (
				8302D6D21DCC20CF009E70E8 /* Luffy_WeiXinUITests.m in Sources */,
			);
			runOnlyForDeploymentPostprocessing = 0;
		};
/* End PBXSourcesBuildPhase section */

/* Begin PBXTargetDependency section */
		8302D6C41DCC20CF009E70E8 /* PBXTargetDependency */ = {
			isa = PBXTargetDependency;
			target = 8302D6A81DCC20CE009E70E8 /* Luffy_WeiXin */;
			targetProxy = 8302D6C31DCC20CF009E70E8 /* PBXContainerItemProxy */;
		};
		8302D6CF1DCC20CF009E70E8 /* PBXTargetDependency */ = {
			isa = PBXTargetDependency;
			target = 8302D6A81DCC20CE009E70E8 /* Luffy_WeiXin */;
			targetProxy = 8302D6CE1DCC20CF009E70E8 /* PBXContainerItemProxy */;
		};
/* End PBXTargetDependency section */

/* Begin PBXVariantGroup section */
		8302D6B51DCC20CF009E70E8 /* Main.storyboard */ = {
			isa = PBXVariantGroup;
			children = (
				8302D6B61DCC20CF009E70E8 /* Base */,
			);
			name = Main.storyboard;
			sourceTree = "<group>";
		};
/* End PBXVariantGroup section */

/* Begin XCBuildConfiguration section */
		8302D6D41DCC20CF009E70E8 /* Debug */ = {
			isa = XCBuildConfiguration;
			buildSettings = {
				ALWAYS_SEARCH_USER_PATHS = NO;
				CLANG_ANALYZER_NONNULL = YES;
				CLANG_CXX_LANGUAGE_STANDARD = "gnu++0x";
				CLANG_CXX_LIBRARY = "libc++";
				CLANG_ENABLE_MODULES = YES;
				CLANG_ENABLE_OBJC_ARC = YES;
				CLANG_WARN_BOOL_CONVERSION = YES;
				CLANG_WARN_CONSTANT_CONVERSION = YES;
				CLANG_WARN_DIRECT_OBJC_ISA_USAGE = YES_ERROR;
				CLANG_WARN_DOCUMENTATION_COMMENTS = YES;
				CLANG_WARN_EMPTY_BODY = YES;
				CLANG_WARN_ENUM_CONVERSION = YES;
				CLANG_WARN_INFINITE_RECURSION = YES;
				CLANG_WARN_INT_CONVERSION = YES;
				CLANG_WARN_OBJC_ROOT_CLASS = YES_ERROR;
				CLANG_WARN_SUSPICIOUS_MOVES = YES;
				CLANG_WARN_UNREACHABLE_CODE = YES;
				CLANG_WARN__DUPLICATE_METHOD_MATCH = YES;
				"CODE_SIGN_IDENTITY[sdk=iphoneos*]" = "iPhone Developer";
				COPY_PHASE_STRIP = NO;
				DEBUG_INFORMATION_FORMAT = dwarf;
				ENABLE_STRICT_OBJC_MSGSEND = YES;
				ENABLE_TESTABILITY = YES;
				GCC_C_LANGUAGE_STANDARD = gnu99;
				GCC_DYNAMIC_NO_PIC = NO;
				GCC_NO_COMMON_BLOCKS = YES;
				GCC_OPTIMIZATION_LEVEL = 0;
				GCC_PREPROCESSOR_DEFINITIONS = (
					"DEBUG=1",
					"$(inherited)",
				);
				GCC_WARN_64_TO_32_BIT_CONVERSION = YES;
				GCC_WARN_ABOUT_RETURN_TYPE = YES_ERROR;
				GCC_WARN_UNDECLARED_SELECTOR = YES;
				GCC_WARN_UNINITIALIZED_AUTOS = YES_AGGRESSIVE;
				GCC_WARN_UNUSED_FUNCTION = YES;
				GCC_WARN_UNUSED_VARIABLE = YES;
				IPHONEOS_DEPLOYMENT_TARGET = 10.0;
				MTL_ENABLE_DEBUG_INFO = YES;
				ONLY_ACTIVE_ARCH = YES;
				SDKROOT = iphoneos;
			};
			name = Debug;
		};
		8302D6D51DCC20CF009E70E8 /* Release */ = {
			isa = XCBuildConfiguration;
			buildSettings = {
				ALWAYS_SEARCH_USER_PATHS = NO;
				CLANG_ANALYZER_NONNULL = YES;
				CLANG_CXX_LANGUAGE_STANDARD = "gnu++0x";
				CLANG_CXX_LIBRARY = "libc++";
				CLANG_ENABLE_MODULES = YES;
				CLANG_ENABLE_OBJC_ARC = YES;
				CLANG_WARN_BOOL_CONVERSION = YES;
				CLANG_WARN_CONSTANT_CONVERSION = YES;
				CLANG_WARN_DIRECT_OBJC_ISA_USAGE = YES_ERROR;
				CLANG_WARN_DOCUMENTATION_COMMENTS = YES;
				CLANG_WARN_EMPTY_BODY = YES;
				CLANG_WARN_ENUM_CONVERSION = YES;
				CLANG_WARN_INFINITE_RECURSION = YES;
				CLANG_WARN_INT_CONVERSION = YES;
				CLANG_WARN_OBJC_ROOT_CLASS = YES_ERROR;
				CLANG_WARN_SUSPICIOUS_MOVES = YES;
				CLANG_WARN_UNREACHABLE_CODE = YES;
				CLANG_WARN__DUPLICATE_METHOD_MATCH = YES;
				"CODE_SIGN_IDENTITY[sdk=iphoneos*]" = "iPhone Developer";
				COPY_PHASE_STRIP = NO;
				DEBUG_INFORMATION_FORMAT = "dwarf-with-dsym";
				ENABLE_NS_ASSERTIONS = NO;
				ENABLE_STRICT_OBJC_MSGSEND = YES;
				GCC_C_LANGUAGE_STANDARD = gnu99;
				GCC_NO_COMMON_BLOCKS = YES;
				GCC_WARN_64_TO_32_BIT_CONVERSION = YES;
				GCC_WARN_ABOUT_RETURN_TYPE = YES_ERROR;
				GCC_WARN_UNDECLARED_SELECTOR = YES;
				GCC_WARN_UNINITIALIZED_AUTOS = YES_AGGRESSIVE;
				GCC_WARN_UNUSED_FUNCTION = YES;
				GCC_WARN_UNUSED_VARIABLE = YES;
				IPHONEOS_DEPLOYMENT_TARGET = 10.0;
				MTL_ENABLE_DEBUG_INFO = NO;
				SDKROOT = iphoneos;
				VALIDATE_PRODUCT = YES;
			};
			name = Release;
		};
		8302D6D71DCC20CF009E70E8 /* Debug */ = {
			isa = XCBuildConfiguration;
			baseConfigurationReference = EE9C534F788CAF2151F5B5BB /* Pods.debug.xcconfig */;
			buildSettings = {
				ASSETCATALOG_COMPILER_APPICON_NAME = AppIcon;
				ASSETCATALOG_COMPILER_LAUNCHIMAGE_NAME = LaunchImage;
				DEVELOPMENT_TEAM = 9N6P88TN8F;
				GCC_PRECOMPILE_PREFIX_HEADER = YES;
				GCC_PREFIX_HEADER = Luffy_WeiXin/Luffy_WeiXin.pch;
				INFOPLIST_FILE = Luffy_WeiXin/Info.plist;
				IPHONEOS_DEPLOYMENT_TARGET = 9.0;
				LD_RUNPATH_SEARCH_PATHS = "$(inherited) @executable_path/Frameworks";
				PRODUCT_BUNDLE_IDENTIFIER = "luffy.Luffy-WeiXin";
				PRODUCT_NAME = "$(TARGET_NAME)";
			};
			name = Debug;
		};
		8302D6D81DCC20CF009E70E8 /* Release */ = {
			isa = XCBuildConfiguration;
			baseConfigurationReference = 921BE08A3A8FACA917304EA6 /* Pods.release.xcconfig */;
			buildSettings = {
				ASSETCATALOG_COMPILER_APPICON_NAME = AppIcon;
				ASSETCATALOG_COMPILER_LAUNCHIMAGE_NAME = LaunchImage;
				DEVELOPMENT_TEAM = 9N6P88TN8F;
				GCC_PRECOMPILE_PREFIX_HEADER = YES;
				GCC_PREFIX_HEADER = Luffy_WeiXin/Luffy_WeiXin.pch;
				INFOPLIST_FILE = Luffy_WeiXin/Info.plist;
				IPHONEOS_DEPLOYMENT_TARGET = 9.0;
				LD_RUNPATH_SEARCH_PATHS = "$(inherited) @executable_path/Frameworks";
				PRODUCT_BUNDLE_IDENTIFIER = "luffy.Luffy-WeiXin";
				PRODUCT_NAME = "$(TARGET_NAME)";
			};
			name = Release;
		};
		8302D6DA1DCC20CF009E70E8 /* Debug */ = {
			isa = XCBuildConfiguration;
			buildSettings = {
				BUNDLE_LOADER = "$(TEST_HOST)";
				DEVELOPMENT_TEAM = 9N6P88TN8F;
				INFOPLIST_FILE = Luffy_WeiXinTests/Info.plist;
				LD_RUNPATH_SEARCH_PATHS = "$(inherited) @executable_path/Frameworks @loader_path/Frameworks";
				PRODUCT_BUNDLE_IDENTIFIER = "luffy.Luffy-WeiXinTests";
				PRODUCT_NAME = "$(TARGET_NAME)";
				TEST_HOST = "$(BUILT_PRODUCTS_DIR)/Luffy_WeiXin.app/Luffy_WeiXin";
			};
			name = Debug;
		};
		8302D6DB1DCC20CF009E70E8 /* Release */ = {
			isa = XCBuildConfiguration;
			buildSettings = {
				BUNDLE_LOADER = "$(TEST_HOST)";
				DEVELOPMENT_TEAM = 9N6P88TN8F;
				INFOPLIST_FILE = Luffy_WeiXinTests/Info.plist;
				LD_RUNPATH_SEARCH_PATHS = "$(inherited) @executable_path/Frameworks @loader_path/Frameworks";
				PRODUCT_BUNDLE_IDENTIFIER = "luffy.Luffy-WeiXinTests";
				PRODUCT_NAME = "$(TARGET_NAME)";
				TEST_HOST = "$(BUILT_PRODUCTS_DIR)/Luffy_WeiXin.app/Luffy_WeiXin";
			};
			name = Release;
		};
		8302D6DD1DCC20CF009E70E8 /* Debug */ = {
			isa = XCBuildConfiguration;
			buildSettings = {
				DEVELOPMENT_TEAM = 9N6P88TN8F;
				INFOPLIST_FILE = Luffy_WeiXinUITests/Info.plist;
				LD_RUNPATH_SEARCH_PATHS = "$(inherited) @executable_path/Frameworks @loader_path/Frameworks";
				PRODUCT_BUNDLE_IDENTIFIER = "luffy.Luffy-WeiXinUITests";
				PRODUCT_NAME = "$(TARGET_NAME)";
				TEST_TARGET_NAME = Luffy_WeiXin;
			};
			name = Debug;
		};
		8302D6DE1DCC20CF009E70E8 /* Release */ = {
			isa = XCBuildConfiguration;
			buildSettings = {
				DEVELOPMENT_TEAM = 9N6P88TN8F;
				INFOPLIST_FILE = Luffy_WeiXinUITests/Info.plist;
				LD_RUNPATH_SEARCH_PATHS = "$(inherited) @executable_path/Frameworks @loader_path/Frameworks";
				PRODUCT_BUNDLE_IDENTIFIER = "luffy.Luffy-WeiXinUITests";
				PRODUCT_NAME = "$(TARGET_NAME)";
				TEST_TARGET_NAME = Luffy_WeiXin;
			};
			name = Release;
		};
/* End XCBuildConfiguration section */

/* Begin XCConfigurationList section */
		8302D6A41DCC20CE009E70E8 /* Build configuration list for PBXProject "Luffy_WeiXin" */ = {
			isa = XCConfigurationList;
			buildConfigurations = (
				8302D6D41DCC20CF009E70E8 /* Debug */,
				8302D6D51DCC20CF009E70E8 /* Release */,
			);
			defaultConfigurationIsVisible = 0;
			defaultConfigurationName = Release;
		};
		8302D6D61DCC20CF009E70E8 /* Build configuration list for PBXNativeTarget "Luffy_WeiXin" */ = {
			isa = XCConfigurationList;
			buildConfigurations = (
				8302D6D71DCC20CF009E70E8 /* Debug */,
				8302D6D81DCC20CF009E70E8 /* Release */,
			);
			defaultConfigurationIsVisible = 0;
			defaultConfigurationName = Release;
		};
		8302D6D91DCC20CF009E70E8 /* Build configuration list for PBXNativeTarget "Luffy_WeiXinTests" */ = {
			isa = XCConfigurationList;
			buildConfigurations = (
				8302D6DA1DCC20CF009E70E8 /* Debug */,
				8302D6DB1DCC20CF009E70E8 /* Release */,
			);
			defaultConfigurationIsVisible = 0;
			defaultConfigurationName = Release;
		};
		8302D6DC1DCC20CF009E70E8 /* Build configuration list for PBXNativeTarget "Luffy_WeiXinUITests" */ = {
			isa = XCConfigurationList;
			buildConfigurations = (
				8302D6DD1DCC20CF009E70E8 /* Debug */,
				8302D6DE1DCC20CF009E70E8 /* Release */,
			);
			defaultConfigurationIsVisible = 0;
			defaultConfigurationName = Release;
		};
/* End XCConfigurationList section */
	};
	rootObject = 8302D6A11DCC20CE009E70E8 /* Project object */;
}
